
Microsoft Visual Studio Solution File, Format Version 12.00
# Visual Studio Version 17
VisualStudioVersion = 17.1.32210.238
MinimumVisualStudioVersion = 10.0.40219.1
Project("{FAE04EC0-301F-11D3-BF4B-00C04F79EFBC}") = "SaveSystem", "SaveSystem.csproj", "{1ED765AB-0C3C-42D3-936F-3E396A3334FD}"
EndProject
Global
	GlobalSection(SolutionConfigurationPlatforms) = preSolution
		Debug|Any CPU = Debug|Any CPU
		Release|Any CPU = Release|Any CPU
	EndGlobalSection
	GlobalSection(ProjectConfigurationPlatforms) = postSolution
		{1ED765AB-0C3C-42D3-936F-3E396A3334FD}.Debug|Any CPU.ActiveCfg = Debug|Any CPU
		{1ED765AB-0C3C-42D3-936F-3E396A3334FD}.Debug|Any CPU.Build.0 = Debug|Any CPU
		{1ED765AB-0C3C-42D3-936F-3E396A3334FD}.Release|Any CPU.ActiveCfg = Release|Any CPU
		{1ED765AB-0C3C-42D3-936F-3E396A3334FD}.Release|Any CPU.Build.0 = Release|Any CPU
	EndGlobalSection
	GlobalSection(SolutionProperties) = preSolution
		HideSolutionNode = FALSE
	EndGlobalSection
	GlobalSection(ExtensibilityGlobals) = postSolution
		SolutionGuid = {BC922090-D37C-419A-A911-00278DD82126}
	EndGlobalSection
EndGlobal
